
Microsoft Visual Studio Solution File, Format Version 12.00
# Visual Studio Version 17
VisualStudioVersion = 17.10.35122.118
MinimumVisualStudioVersion = 10.0.40219.1
Project("{FAE04EC0-301F-11D3-BF4B-00C04F79EFBC}") = "CommandProducto", "CommandProducto.csproj", "{ADC4F365-0469-44F5-A80E-2A85BE979292}"
EndProject
Project("{FAE04EC0-301F-11D3-BF4B-00C04F79EFBC}") = "Entity", "Entity\Entity.csproj", "{B0F63FF8-772D-4B58-A75B-5E8841B0AF71}"
EndProject
Global
	GlobalSection(SolutionConfigurationPlatforms) = preSolution
		Debug|Any CPU = Debug|Any CPU
		Release|Any CPU = Release|Any CPU
	EndGlobalSection
	GlobalSection(ProjectConfigurationPlatforms) = postSolution
		{ADC4F365-0469-44F5-A80E-2A85BE979292}.Debug|Any CPU.ActiveCfg = Debug|Any CPU
		{ADC4F365-0469-44F5-A80E-2A85BE979292}.Debug|Any CPU.Build.0 = Debug|Any CPU
		{ADC4F365-0469-44F5-A80E-2A85BE979292}.Release|Any CPU.ActiveCfg = Release|Any CPU
		{ADC4F365-0469-44F5-A80E-2A85BE979292}.Release|Any CPU.Build.0 = Release|Any CPU
		{B0F63FF8-772D-4B58-A75B-5E8841B0AF71}.Debug|Any CPU.ActiveCfg = Debug|Any CPU
		{B0F63FF8-772D-4B58-A75B-5E8841B0AF71}.Debug|Any CPU.Build.0 = Debug|Any CPU
		{B0F63FF8-772D-4B58-A75B-5E8841B0AF71}.Release|Any CPU.ActiveCfg = Release|Any CPU
		{B0F63FF8-772D-4B58-A75B-5E8841B0AF71}.Release|Any CPU.Build.0 = Release|Any CPU
	EndGlobalSection
	GlobalSection(SolutionProperties) = preSolution
		HideSolutionNode = FALSE
	EndGlobalSection
	GlobalSection(ExtensibilityGlobals) = postSolution
		SolutionGuid = {309D8AB1-24FE-4845-8333-53CD99F02B72}
	EndGlobalSection
EndGlobal
